// !$*UTF8*$!
{
	archiveVersion = 1;
	classes = {
	};
	objectVersion = 46;
	objects = {

/* Begin PBXBuildFile section */
		BA34630BBBE69D5EABC166B2 /* libPods-占卜小遊戲.a in Frameworks */ = {isa = PBXBuildFile; fileRef = 00995A19F62B07C6204FD49C /* libPods-占卜小遊戲.a */; };
		DE20A8471BF06E7800B7D0A3 /* AppDelegate.swift in Sources */ = {isa = PBXBuildFile; fileRef = DE20A8461BF06E7800B7D0A3 /* AppDelegate.swift */; };
		DE20A8491BF06E7800B7D0A3 /* HomeViewController.swift in Sources */ = {isa = PBXBuildFile; fileRef = DE20A8481BF06E7800B7D0A3 /* HomeViewController.swift */; };
		DE20A84C1BF06E7800B7D0A3 /* Main.storyboard in Resources */ = {isa = PBXBuildFile; fileRef = DE20A84A1BF06E7800B7D0A3 /* Main.storyboard */; };
		DE20A84E1BF06E7800B7D0A3 /* Assets.xcassets in Resources */ = {isa = PBXBuildFile; fileRef = DE20A84D1BF06E7800B7D0A3 /* Assets.xcassets */; };
		DE20A8511BF06E7800B7D0A3 /* LaunchScreen.storyboard in Resources */ = {isa = PBXBuildFile; fileRef = DE20A84F1BF06E7800B7D0A3 /* LaunchScreen.storyboard */; };
		DE8841F31BF5AEFC00936610 /* RoleSetting.swift in Sources */ = {isa = PBXBuildFile; fileRef = DE8841F21BF5AEFC00936610 /* RoleSetting.swift */; };
		DE9DF2791C351B7300415627 /* RankTableViewController.swift in Sources */ = {isa = PBXBuildFile; fileRef = DE9DF2781C351B7300415627 /* RankTableViewController.swift */; };
		DED932691C5A41940074DA0D /* NovelTableViewController.swift in Sources */ = {isa = PBXBuildFile; fileRef = DED932681C5A41940074DA0D /* NovelTableViewController.swift */; };
		DED9326F1C5A6F9A0074DA0D /* Novel.swift in Sources */ = {isa = PBXBuildFile; fileRef = DED9326E1C5A6F9A0074DA0D /* Novel.swift */; };
		DED932711C5A7ED10074DA0D /* NovelContentViewController.swift in Sources */ = {isa = PBXBuildFile; fileRef = DED932701C5A7ED10074DA0D /* NovelContentViewController.swift */; };
		DEE5AAA81C11917F00E47EB5 /* BattleViewController.swift in Sources */ = {isa = PBXBuildFile; fileRef = DEE5AAA71C11917F00E47EB5 /* BattleViewController.swift */; };
		DEE5AACC1C16C36A00E47EB5 /* GameData.xcdatamodeld in Sources */ = {isa = PBXBuildFile; fileRef = DEE5AACA1C16C36A00E47EB5 /* GameData.xcdatamodeld */; };
		DEE5AACE1C187DA800E47EB5 /* FightViewController.swift in Sources */ = {isa = PBXBuildFile; fileRef = DEE5AACD1C187DA800E47EB5 /* FightViewController.swift */; };
		DEE5AAD01C2299C700E47EB5 /* LoginViewController.swift in Sources */ = {isa = PBXBuildFile; fileRef = DEE5AACF1C2299C700E47EB5 /* LoginViewController.swift */; };
		DEEBA1111C3BB6150024493B /* RankTableViewCell.swift in Sources */ = {isa = PBXBuildFile; fileRef = DEEBA10F1C3BB6150024493B /* RankTableViewCell.swift */; };
		DEEBA1121C3BB6150024493B /* RankTableViewCell.xib in Resources */ = {isa = PBXBuildFile; fileRef = DEEBA1101C3BB6150024493B /* RankTableViewCell.xib */; };
		DEEBA1141C48EB660024493B /* TeachViewController1.swift in Sources */ = {isa = PBXBuildFile; fileRef = DEEBA1131C48EB660024493B /* TeachViewController1.swift */; };
		DEEBA1161C4CAE360024493B /* TeachViewController2.swift in Sources */ = {isa = PBXBuildFile; fileRef = DEEBA1151C4CAE360024493B /* TeachViewController2.swift */; };
		DEEBA1181C4E12410024493B /* TestViewController.swift in Sources */ = {isa = PBXBuildFile; fileRef = DEEBA1171C4E12410024493B /* TestViewController.swift */; };
		DEEBA11A1C4E18390024493B /* TeachViewController3.swift in Sources */ = {isa = PBXBuildFile; fileRef = DEEBA1191C4E18390024493B /* TeachViewController3.swift */; };
		DEEBA11C1C5770FE0024493B /* TabViewController.swift in Sources */ = {isa = PBXBuildFile; fileRef = DEEBA11B1C5770FE0024493B /* TabViewController.swift */; };
/* End PBXBuildFile section */

/* Begin PBXFileReference section */
		00995A19F62B07C6204FD49C /* libPods-占卜小遊戲.a */ = {isa = PBXFileReference; explicitFileType = archive.ar; includeInIndex = 0; path = "libPods-占卜小遊戲.a"; sourceTree = BUILT_PRODUCTS_DIR; };
		BB11784FB167C8998E4B2BC2 /* Pods-占卜小遊戲.release.xcconfig */ = {isa = PBXFileReference; includeInIndex = 1; lastKnownFileType = text.xcconfig; name = "Pods-占卜小遊戲.release.xcconfig"; path = "Pods/Target Support Files/Pods-占卜小遊戲/Pods-占卜小遊戲.release.xcconfig"; sourceTree = "<group>"; };
		DE20A8431BF06E7800B7D0A3 /* 占卜小遊戲.app */ = {isa = PBXFileReference; explicitFileType = wrapper.application; includeInIndex = 0; path = "占卜小遊戲.app"; sourceTree = BUILT_PRODUCTS_DIR; };
		DE20A8461BF06E7800B7D0A3 /* AppDelegate.swift */ = {isa = PBXFileReference; lastKnownFileType = sourcecode.swift; path = AppDelegate.swift; sourceTree = "<group>"; };
		DE20A8481BF06E7800B7D0A3 /* HomeViewController.swift */ = {isa = PBXFileReference; lastKnownFileType = sourcecode.swift; path = HomeViewController.swift; sourceTree = "<group>"; };
		DE20A84B1BF06E7800B7D0A3 /* Base */ = {isa = PBXFileReference; lastKnownFileType = file.storyboard; name = Base; path = Base.lproj/Main.storyboard; sourceTree = "<group>"; };
		DE20A84D1BF06E7800B7D0A3 /* Assets.xcassets */ = {isa = PBXFileReference; lastKnownFileType = folder.assetcatalog; path = Assets.xcassets; sourceTree = "<group>"; };
		DE20A8501BF06E7800B7D0A3 /* Base */ = {isa = PBXFileReference; lastKnownFileType = file.storyboard; name = Base; path = Base.lproj/LaunchScreen.storyboard; sourceTree = "<group>"; };
		DE20A8521BF06E7800B7D0A3 /* Info.plist */ = {isa = PBXFileReference; lastKnownFileType = text.plist.xml; path = Info.plist; sourceTree = "<group>"; };
		DE8841C71BF242F500936610 /* 占卜小遊戲-Bridging-Header.h */ = {isa = PBXFileReference; lastKnownFileType = sourcecode.c.h; path = "占卜小遊戲-Bridging-Header.h"; sourceTree = "<group>"; };
		DE8841C81BF242F600936610 /* ParseObjectC.h */ = {isa = PBXFileReference; fileEncoding = 4; lastKnownFileType = sourcecode.c.h; path = ParseObjectC.h; sourceTree = "<group>"; };
		DE8841F21BF5AEFC00936610 /* RoleSetting.swift */ = {isa = PBXFileReference; fileEncoding = 4; lastKnownFileType = sourcecode.swift; path = RoleSetting.swift; sourceTree = "<group>"; };
		DE9DF2781C351B7300415627 /* RankTableViewController.swift */ = {isa = PBXFileReference; fileEncoding = 4; lastKnownFileType = sourcecode.swift; path = RankTableViewController.swift; sourceTree = "<group>"; };
		DED932681C5A41940074DA0D /* NovelTableViewController.swift */ = {isa = PBXFileReference; fileEncoding = 4; lastKnownFileType = sourcecode.swift; path = NovelTableViewController.swift; sourceTree = "<group>"; };
		DED9326E1C5A6F9A0074DA0D /* Novel.swift */ = {isa = PBXFileReference; fileEncoding = 4; lastKnownFileType = sourcecode.swift; path = Novel.swift; sourceTree = "<group>"; };
		DED932701C5A7ED10074DA0D /* NovelContentViewController.swift */ = {isa = PBXFileReference; fileEncoding = 4; lastKnownFileType = sourcecode.swift; path = NovelContentViewController.swift; sourceTree = "<group>"; };
		DEE5AAA71C11917F00E47EB5 /* BattleViewController.swift */ = {isa = PBXFileReference; fileEncoding = 4; lastKnownFileType = sourcecode.swift; path = BattleViewController.swift; sourceTree = "<group>"; };
		DEE5AACB1C16C36A00E47EB5 /* GameData.xcdatamodel */ = {isa = PBXFileReference; lastKnownFileType = wrapper.xcdatamodel; path = GameData.xcdatamodel; sourceTree = "<group>"; };
		DEE5AACD1C187DA800E47EB5 /* FightViewController.swift */ = {isa = PBXFileReference; fileEncoding = 4; lastKnownFileType = sourcecode.swift; path = FightViewController.swift; sourceTree = "<group>"; };
		DEE5AACF1C2299C700E47EB5 /* LoginViewController.swift */ = {isa = PBXFileReference; fileEncoding = 4; lastKnownFileType = sourcecode.swift; path = LoginViewController.swift; sourceTree = "<group>"; };
		DEEBA10F1C3BB6150024493B /* RankTableViewCell.swift */ = {isa = PBXFileReference; fileEncoding = 4; lastKnownFileType = sourcecode.swift; path = RankTableViewCell.swift; sourceTree = "<group>"; };
		DEEBA1101C3BB6150024493B /* RankTableViewCell.xib */ = {isa = PBXFileReference; fileEncoding = 4; lastKnownFileType = file.xib; path = RankTableViewCell.xib; sourceTree = "<group>"; };
		DEEBA1131C48EB660024493B /* TeachViewController1.swift */ = {isa = PBXFileReference; fileEncoding = 4; lastKnownFileType = sourcecode.swift; path = TeachViewController1.swift; sourceTree = "<group>"; };
		DEEBA1151C4CAE360024493B /* TeachViewController2.swift */ = {isa = PBXFileReference; fileEncoding = 4; lastKnownFileType = sourcecode.swift; path = TeachViewController2.swift; sourceTree = "<group>"; };
		DEEBA1171C4E12410024493B /* TestViewController.swift */ = {isa = PBXFileReference; fileEncoding = 4; lastKnownFileType = sourcecode.swift; path = TestViewController.swift; sourceTree = "<group>"; };
		DEEBA1191C4E18390024493B /* TeachViewController3.swift */ = {isa = PBXFileReference; fileEncoding = 4; lastKnownFileType = sourcecode.swift; path = TeachViewController3.swift; sourceTree = "<group>"; };
		DEEBA11B1C5770FE0024493B /* TabViewController.swift */ = {isa = PBXFileReference; fileEncoding = 4; lastKnownFileType = sourcecode.swift; path = TabViewController.swift; sourceTree = "<group>"; };
		FBBABB89E575536C85B6D614 /* Pods-占卜小遊戲.debug.xcconfig */ = {isa = PBXFileReference; includeInIndex = 1; lastKnownFileType = text.xcconfig; name = "Pods-占卜小遊戲.debug.xcconfig"; path = "Pods/Target Support Files/Pods-占卜小遊戲/Pods-占卜小遊戲.debug.xcconfig"; sourceTree = "<group>"; };
/* End PBXFileReference section */

/* Begin PBXFrameworksBuildPhase section */
		DE20A8401BF06E7800B7D0A3 /* Frameworks */ = {
			isa = PBXFrameworksBuildPhase;
			buildActionMask = 2147483647;
			files = (
				BA34630BBBE69D5EABC166B2 /* libPods-占卜小遊戲.a in Frameworks */,
			);
			runOnlyForDeploymentPostprocessing = 0;
		};
/* End PBXFrameworksBuildPhase section */

/* Begin PBXGroup section */
		85CA5CAD96B75A8285F198DB /* Frameworks */ = {
			isa = PBXGroup;
			children = (
				00995A19F62B07C6204FD49C /* libPods-占卜小遊戲.a */,
			);
			name = Frameworks;
			sourceTree = "<group>";
		};
		DE20A83A1BF06E7800B7D0A3 = {
			isa = PBXGroup;
			children = (
				DE20A8451BF06E7800B7D0A3 /* 占卜小遊戲 */,
				DE20A8441BF06E7800B7D0A3 /* Products */,
				DEB370AE3FF7FD616BB8726C /* Pods */,
				85CA5CAD96B75A8285F198DB /* Frameworks */,
			);
			sourceTree = "<group>";
		};
		DE20A8441BF06E7800B7D0A3 /* Products */ = {
			isa = PBXGroup;
			children = (
				DE20A8431BF06E7800B7D0A3 /* 占卜小遊戲.app */,
			);
			name = Products;
			sourceTree = "<group>";
		};
		DE20A8451BF06E7800B7D0A3 /* 占卜小遊戲 */ = {
			isa = PBXGroup;
			children = (
				DE20A8461BF06E7800B7D0A3 /* AppDelegate.swift */,
				DE20A8481BF06E7800B7D0A3 /* HomeViewController.swift */,
				DE20A84A1BF06E7800B7D0A3 /* Main.storyboard */,
				DE20A84D1BF06E7800B7D0A3 /* Assets.xcassets */,
				DE20A84F1BF06E7800B7D0A3 /* LaunchScreen.storyboard */,
				DE20A8521BF06E7800B7D0A3 /* Info.plist */,
				DE8841C81BF242F600936610 /* ParseObjectC.h */,
				DE8841C71BF242F500936610 /* 占卜小遊戲-Bridging-Header.h */,
				DE8841F21BF5AEFC00936610 /* RoleSetting.swift */,
				DED9326E1C5A6F9A0074DA0D /* Novel.swift */,
				DEE5AAA71C11917F00E47EB5 /* BattleViewController.swift */,
				DEE5AACA1C16C36A00E47EB5 /* GameData.xcdatamodeld */,
				DEE5AACD1C187DA800E47EB5 /* FightViewController.swift */,
				DEE5AACF1C2299C700E47EB5 /* LoginViewController.swift */,
				DE9DF2781C351B7300415627 /* RankTableViewController.swift */,
				DEEBA10F1C3BB6150024493B /* RankTableViewCell.swift */,
				DEEBA1101C3BB6150024493B /* RankTableViewCell.xib */,
				DEEBA1131C48EB660024493B /* TeachViewController1.swift */,
				DEEBA1151C4CAE360024493B /* TeachViewController2.swift */,
				DEEBA1171C4E12410024493B /* TestViewController.swift */,
				DEEBA1191C4E18390024493B /* TeachViewController3.swift */,
				DEEBA11B1C5770FE0024493B /* TabViewController.swift */,
				DED932681C5A41940074DA0D /* NovelTableViewController.swift */,
				DED932701C5A7ED10074DA0D /* NovelContentViewController.swift */,
			);
			path = "占卜小遊戲";
			sourceTree = "<group>";
		};
		DEB370AE3FF7FD616BB8726C /* Pods */ = {
			isa = PBXGroup;
			children = (
				FBBABB89E575536C85B6D614 /* Pods-占卜小遊戲.debug.xcconfig */,
				BB11784FB167C8998E4B2BC2 /* Pods-占卜小遊戲.release.xcconfig */,
			);
			name = Pods;
			sourceTree = "<group>";
		};
/* End PBXGroup section */

/* Begin PBXNativeTarget section */
		DE20A8421BF06E7800B7D0A3 /* 占卜小遊戲 */ = {
			isa = PBXNativeTarget;
			buildConfigurationList = DE20A8551BF06E7800B7D0A3 /* Build configuration list for PBXNativeTarget "占卜小遊戲" */;
			buildPhases = (
				F6C57DD0D029993F61E171E2 /* Check Pods Manifest.lock */,
				DE20A83F1BF06E7800B7D0A3 /* Sources */,
				DE20A8401BF06E7800B7D0A3 /* Frameworks */,
				DE20A8411BF06E7800B7D0A3 /* Resources */,
				7FA32603914DD8CA01D435CE /* Embed Pods Frameworks */,
				4CD8F74F089B3BE2A3E8CCE1 /* Copy Pods Resources */,
			);
			buildRules = (
			);
			dependencies = (
			);
			name = "占卜小遊戲";
			productName = "占卜小遊戲";
			productReference = DE20A8431BF06E7800B7D0A3 /* 占卜小遊戲.app */;
			productType = "com.apple.product-type.application";
		};
/* End PBXNativeTarget section */

/* Begin PBXProject section */
		DE20A83B1BF06E7800B7D0A3 /* Project object */ = {
			isa = PBXProject;
			attributes = {
				LastSwiftUpdateCheck = 0700;
				LastUpgradeCheck = 0700;
				ORGANIZATIONNAME = "鄭涵嚴";
				TargetAttributes = {
					DE20A8421BF06E7800B7D0A3 = {
						CreatedOnToolsVersion = 7.0.1;
						DevelopmentTeam = W46MAMG92W;
					};
				};
			};
			buildConfigurationList = DE20A83E1BF06E7800B7D0A3 /* Build configuration list for PBXProject "占卜小遊戲" */;
			compatibilityVersion = "Xcode 3.2";
			developmentRegion = English;
			hasScannedForEncodings = 0;
			knownRegions = (
				en,
				Base,
			);
			mainGroup = DE20A83A1BF06E7800B7D0A3;
			productRefGroup = DE20A8441BF06E7800B7D0A3 /* Products */;
			projectDirPath = "";
			projectRoot = "";
			targets = (
				DE20A8421BF06E7800B7D0A3 /* 占卜小遊戲 */,
			);
		};
/* End PBXProject section */

/* Begin PBXResourcesBuildPhase section */
		DE20A8411BF06E7800B7D0A3 /* Resources */ = {
			isa = PBXResourcesBuildPhase;
			buildActionMask = 2147483647;
			files = (
				DE20A8511BF06E7800B7D0A3 /* LaunchScreen.storyboard in Resources */,
				DEEBA1121C3BB6150024493B /* RankTableViewCell.xib in Resources */,
				DE20A84E1BF06E7800B7D0A3 /* Assets.xcassets in Resources */,
				DE20A84C1BF06E7800B7D0A3 /* Main.storyboard in Resources */,
			);
			runOnlyForDeploymentPostprocessing = 0;
		};
/* End PBXResourcesBuildPhase section */

/* Begin PBXShellScriptBuildPhase section */
		4CD8F74F089B3BE2A3E8CCE1 /* Copy Pods Resources */ = {
			isa = PBXShellScriptBuildPhase;
			buildActionMask = 2147483647;
			files = (
			);
			inputPaths = (
			);
			name = "Copy Pods Resources";
			outputPaths = (
			);
			runOnlyForDeploymentPostprocessing = 0;
			shellPath = /bin/sh;
			shellScript = "\"${SRCROOT}/Pods/Target Support Files/Pods-占卜小遊戲/Pods-占卜小遊戲-resources.sh\"\n";
			showEnvVarsInLog = 0;
		};
		7FA32603914DD8CA01D435CE /* Embed Pods Frameworks */ = {
			isa = PBXShellScriptBuildPhase;
			buildActionMask = 2147483647;
			files = (
			);
			inputPaths = (
			);
			name = "Embed Pods Frameworks";
			outputPaths = (
			);
			runOnlyForDeploymentPostprocessing = 0;
			shellPath = /bin/sh;
			shellScript = "\"${SRCROOT}/Pods/Target Support Files/Pods-占卜小遊戲/Pods-占卜小遊戲-frameworks.sh\"\n";
			showEnvVarsInLog = 0;
		};
		F6C57DD0D029993F61E171E2 /* Check Pods Manifest.lock */ = {
			isa = PBXShellScriptBuildPhase;
			buildActionMask = 2147483647;
			files = (
			);
			inputPaths = (
			);
			name = "Check Pods Manifest.lock";
			outputPaths = (
			);
			runOnlyForDeploymentPostprocessing = 0;
			shellPath = /bin/sh;
			shellScript = "diff \"${PODS_ROOT}/../Podfile.lock\" \"${PODS_ROOT}/Manifest.lock\" > /dev/null\nif [[ $? != 0 ]] ; then\n    cat << EOM\nerror: The sandbox is not in sync with the Podfile.lock. Run 'pod install' or update your CocoaPods installation.\nEOM\n    exit 1\nfi\n";
			showEnvVarsInLog = 0;
		};
/* End PBXShellScriptBuildPhase section */

/* Begin PBXSourcesBuildPhase section */
		DE20A83F1BF06E7800B7D0A3 /* Sources */ = {
			isa = PBXSourcesBuildPhase;
			buildActionMask = 2147483647;
			files = (
				DEE5AAD01C2299C700E47EB5 /* LoginViewController.swift in Sources */,
				DEEBA1111C3BB6150024493B /* RankTableViewCell.swift in Sources */,
				DEE5AAA81C11917F00E47EB5 /* BattleViewController.swift in Sources */,
				DE20A8491BF06E7800B7D0A3 /* HomeViewController.swift in Sources */,
				DE9DF2791C351B7300415627 /* RankTableViewController.swift in Sources */,
				DEE5AACC1C16C36A00E47EB5 /* GameData.xcdatamodeld in Sources */,
				DE8841F31BF5AEFC00936610 /* RoleSetting.swift in Sources */,
				DE20A8471BF06E7800B7D0A3 /* AppDelegate.swift in Sources */,
				DEEBA1141C48EB660024493B /* TeachViewController1.swift in Sources */,
				DED932691C5A41940074DA0D /* NovelTableViewController.swift in Sources */,
				DED9326F1C5A6F9A0074DA0D /* Novel.swift in Sources */,
				DEE5AACE1C187DA800E47EB5 /* FightViewController.swift in Sources */,
				DEEBA1181C4E12410024493B /* TestViewController.swift in Sources */,
				DEEBA11A1C4E18390024493B /* TeachViewController3.swift in Sources */,
				DED932711C5A7ED10074DA0D /* NovelContentViewController.swift in Sources */,
				DEEBA11C1C5770FE0024493B /* TabViewController.swift in Sources */,
				DEEBA1161C4CAE360024493B /* TeachViewController2.swift in Sources */,
			);
			runOnlyForDeploymentPostprocessing = 0;
		};
/* End PBXSourcesBuildPhase section */

/* Begin PBXVariantGroup section */
		DE20A84A1BF06E7800B7D0A3 /* Main.storyboard */ = {
			isa = PBXVariantGroup;
			children = (
				DE20A84B1BF06E7800B7D0A3 /* Base */,
			);
			name = Main.storyboard;
			sourceTree = "<group>";
		};
		DE20A84F1BF06E7800B7D0A3 /* LaunchScreen.storyboard */ = {
			isa = PBXVariantGroup;
			children = (
				DE20A8501BF06E7800B7D0A3 /* Base */,
			);
			name = LaunchScreen.storyboard;
			sourceTree = "<group>";
		};
/* End PBXVariantGroup section */

/* Begin XCBuildConfiguration section */
		DE20A8531BF06E7800B7D0A3 /* Debug */ = {
			isa = XCBuildConfiguration;
			buildSettings = {
				ALWAYS_SEARCH_USER_PATHS = NO;
				CLANG_CXX_LANGUAGE_STANDARD = "gnu++0x";
				CLANG_CXX_LIBRARY = "libc++";
				CLANG_ENABLE_MODULES = YES;
				CLANG_ENABLE_OBJC_ARC = YES;
				CLANG_WARN_BOOL_CONVERSION = YES;
				CLANG_WARN_CONSTANT_CONVERSION = YES;
				CLANG_WARN_DIRECT_OBJC_ISA_USAGE = YES_ERROR;
				CLANG_WARN_EMPTY_BODY = YES;
				CLANG_WARN_ENUM_CONVERSION = YES;
				CLANG_WARN_INT_CONVERSION = YES;
				CLANG_WARN_OBJC_ROOT_CLASS = YES_ERROR;
				CLANG_WARN_UNREACHABLE_CODE = YES;
				CLANG_WARN__DUPLICATE_METHOD_MATCH = YES;
				"CODE_SIGN_IDENTITY[sdk=iphoneos*]" = "iPhone Developer";
				COPY_PHASE_STRIP = NO;
				DEBUG_INFORMATION_FORMAT = dwarf;
				ENABLE_BITCODE = NO;
				ENABLE_STRICT_OBJC_MSGSEND = YES;
				ENABLE_TESTABILITY = YES;
				GCC_C_LANGUAGE_STANDARD = gnu99;
				GCC_DYNAMIC_NO_PIC = NO;
				GCC_NO_COMMON_BLOCKS = YES;
				GCC_OPTIMIZATION_LEVEL = 0;
				GCC_PREPROCESSOR_DEFINITIONS = (
					"DEBUG=1",
					"$(inherited)",
				);
				GCC_WARN_64_TO_32_BIT_CONVERSION = YES;
				GCC_WARN_ABOUT_RETURN_TYPE = YES_ERROR;
				GCC_WARN_UNDECLARED_SELECTOR = YES;
				GCC_WARN_UNINITIALIZED_AUTOS = YES_AGGRESSIVE;
				GCC_WARN_UNUSED_FUNCTION = YES;
				GCC_WARN_UNUSED_VARIABLE = YES;
				IPHONEOS_DEPLOYMENT_TARGET = 9.0;
				MTL_ENABLE_DEBUG_INFO = YES;
				ONLY_ACTIVE_ARCH = YES;
				SDKROOT = iphoneos;
				SWIFT_OPTIMIZATION_LEVEL = "-Onone";
				VALID_ARCHS = "armv7 armv7s arm64";
			};
			name = Debug;
		};
		DE20A8541BF06E7800B7D0A3 /* Release */ = {
			isa = XCBuildConfiguration;
			buildSettings = {
				ALWAYS_SEARCH_USER_PATHS = NO;
				CLANG_CXX_LANGUAGE_STANDARD = "gnu++0x";
				CLANG_CXX_LIBRARY = "libc++";
				CLANG_ENABLE_MODULES = YES;
				CLANG_ENABLE_OBJC_ARC = YES;
				CLANG_WARN_BOOL_CONVERSION = YES;
				CLANG_WARN_CONSTANT_CONVERSION = YES;
				CLANG_WARN_DIRECT_OBJC_ISA_USAGE = YES_ERROR;
				CLANG_WARN_EMPTY_BODY = YES;
				CLANG_WARN_ENUM_CONVERSION = YES;
				CLANG_WARN_INT_CONVERSION = YES;
				CLANG_WARN_OBJC_ROOT_CLASS = YES_ERROR;
				CLANG_WARN_UNREACHABLE_CODE = YES;
				CLANG_WARN__DUPLICATE_METHOD_MATCH = YES;
				"CODE_SIGN_IDENTITY[sdk=iphoneos*]" = "iPhone Developer";
				COPY_PHASE_STRIP = NO;
				DEBUG_INFORMATION_FORMAT = "dwarf-with-dsym";
				ENABLE_BITCODE = NO;
				ENABLE_NS_ASSERTIONS = NO;
				ENABLE_STRICT_OBJC_MSGSEND = YES;
				GCC_C_LANGUAGE_STANDARD = gnu99;
				GCC_NO_COMMON_BLOCKS = YES;
				GCC_WARN_64_TO_32_BIT_CONVERSION = YES;
				GCC_WARN_ABOUT_RETURN_TYPE = YES_ERROR;
				GCC_WARN_UNDECLARED_SELECTOR = YES;
				GCC_WARN_UNINITIALIZED_AUTOS = YES_AGGRESSIVE;
				GCC_WARN_UNUSED_FUNCTION = YES;
				GCC_WARN_UNUSED_VARIABLE = YES;
				IPHONEOS_DEPLOYMENT_TARGET = 9.0;
				MTL_ENABLE_DEBUG_INFO = NO;
				SDKROOT = iphoneos;
				VALIDATE_PRODUCT = YES;
				VALID_ARCHS = "armv7 armv7s arm64";
			};
			name = Release;
		};
		DE20A8561BF06E7800B7D0A3 /* Debug */ = {
			isa = XCBuildConfiguration;
			baseConfigurationReference = FBBABB89E575536C85B6D614 /* Pods-占卜小遊戲.debug.xcconfig */;
			buildSettings = {
				ASSETCATALOG_COMPILER_APPICON_NAME = AppIcon;
				CLANG_ENABLE_MODULES = YES;
				CODE_SIGN_IDENTITY = "iPhone Distribution: HanYen Cheng (W46MAMG92W)";
				INFOPLIST_FILE = "占卜小遊戲/Info.plist";
				IPHONEOS_DEPLOYMENT_TARGET = 9.0;
				LD_RUNPATH_SEARCH_PATHS = "$(inherited) @executable_path/Frameworks";
				PRODUCT_BUNDLE_IDENTIFIER = DivineBattle.Dante;
				PRODUCT_NAME = "$(TARGET_NAME)";
				PROVISIONING_PROFILE = "c7248205-5b66-4f91-8d3f-c04ee372c6e9";
				SWIFT_OBJC_BRIDGING_HEADER = "占卜小遊戲/占卜小遊戲-Bridging-Header.h";
				SWIFT_OPTIMIZATION_LEVEL = "-Onone";
			};
			name = Debug;
		};
		DE20A8571BF06E7800B7D0A3 /* Release */ = {
			isa = XCBuildConfiguration;
			baseConfigurationReference = BB11784FB167C8998E4B2BC2 /* Pods-占卜小遊戲.release.xcconfig */;
			buildSettings = {
				ASSETCATALOG_COMPILER_APPICON_NAME = AppIcon;
				CLANG_ENABLE_MODULES = YES;
				CODE_SIGN_IDENTITY = "iPhone Distribution: HanYen Cheng (W46MAMG92W)";
				INFOPLIST_FILE = "占卜小遊戲/Info.plist";
				IPHONEOS_DEPLOYMENT_TARGET = 9.0;
				LD_RUNPATH_SEARCH_PATHS = "$(inherited) @executable_path/Frameworks";
				PRODUCT_BUNDLE_IDENTIFIER = DivineBattle.Dante;
				PRODUCT_NAME = "$(TARGET_NAME)";
				PROVISIONING_PROFILE = "c7248205-5b66-4f91-8d3f-c04ee372c6e9";
				SWIFT_OBJC_BRIDGING_HEADER = "占卜小遊戲/占卜小遊戲-Bridging-Header.h";
			};
			name = Release;
		};
/* End XCBuildConfiguration section */

/* Begin XCConfigurationList section */
		DE20A83E1BF06E7800B7D0A3 /* Build configuration list for PBXProject "占卜小遊戲" */ = {
			isa = XCConfigurationList;
			buildConfigurations = (
				DE20A8531BF06E7800B7D0A3 /* Debug */,
				DE20A8541BF06E7800B7D0A3 /* Release */,
			);
			defaultConfigurationIsVisible = 0;
			defaultConfigurationName = Release;
		};
		DE20A8551BF06E7800B7D0A3 /* Build configuration list for PBXNativeTarget "占卜小遊戲" */ = {
			isa = XCConfigurationList;
			buildConfigurations = (
				DE20A8561BF06E7800B7D0A3 /* Debug */,
				DE20A8571BF06E7800B7D0A3 /* Release */,
			);
			defaultConfigurationIsVisible = 0;
			defaultConfigurationName = Release;
		};
/* End XCConfigurationList section */

/* Begin XCVersionGroup section */
		DEE5AACA1C16C36A00E47EB5 /* GameData.xcdatamodeld */ = {
			isa = XCVersionGroup;
			children = (
				DEE5AACB1C16C36A00E47EB5 /* GameData.xcdatamodel */,
			);
			currentVersion = DEE5AACB1C16C36A00E47EB5 /* GameData.xcdatamodel */;
			path = GameData.xcdatamodeld;
			sourceTree = "<group>";
			versionGroupType = wrapper.xcdatamodel;
		};
/* End XCVersionGroup section */
	};
	rootObject = DE20A83B1BF06E7800B7D0A3 /* Project object */;
}
